
Microsoft Visual Studio Solution File, Format Version 12.00
# Visual Studio Version 17
VisualStudioVersion = 17.13.35931.197
MinimumVisualStudioVersion = 10.0.40219.1
Project("{FAE04EC0-301F-11D3-BF4B-00C04F79EFBC}") = "IntroductionToDOTNET", "IntroductionToDOTNET\IntroductionToDOTNET.csproj", "{2DFF7AA3-603F-4885-806A-628279D80AFE}"
EndProject
Project("{FAE04EC0-301F-11D3-BF4B-00C04F79EFBC}") = "DataTypes", "DataTypes\DataTypes.csproj", "{35F0D3A2-F389-49EB-B586-2B0DA18F081E}"
EndProject
Project("{FAE04EC0-301F-11D3-BF4B-00C04F79EFBC}") = "Arrays", "Arrays\Arrays.csproj", "{7822B0D1-59C2-4675-B283-5A966ADD712C}"
EndProject
Project("{FAE04EC0-301F-11D3-BF4B-00C04F79EFBC}") = "HOM WORK", "Geometry\HOM WORK.csproj", "{685E276E-379F-4D89-9BF7-44A9D96BD5A4}"
EndProject
Global
	GlobalSection(SolutionConfigurationPlatforms) = preSolution
		Debug|Any CPU = Debug|Any CPU
		Release|Any CPU = Release|Any CPU
	EndGlobalSection
	GlobalSection(ProjectConfigurationPlatforms) = postSolution
		{2DFF7AA3-603F-4885-806A-628279D80AFE}.Debug|Any CPU.ActiveCfg = Debug|Any CPU
		{2DFF7AA3-603F-4885-806A-628279D80AFE}.Debug|Any CPU.Build.0 = Debug|Any CPU
		{2DFF7AA3-603F-4885-806A-628279D80AFE}.Release|Any CPU.ActiveCfg = Release|Any CPU
		{2DFF7AA3-603F-4885-806A-628279D80AFE}.Release|Any CPU.Build.0 = Release|Any CPU
		{35F0D3A2-F389-49EB-B586-2B0DA18F081E}.Debug|Any CPU.ActiveCfg = Debug|Any CPU
		{35F0D3A2-F389-49EB-B586-2B0DA18F081E}.Debug|Any CPU.Build.0 = Debug|Any CPU
		{35F0D3A2-F389-49EB-B586-2B0DA18F081E}.Release|Any CPU.ActiveCfg = Release|Any CPU
		{35F0D3A2-F389-49EB-B586-2B0DA18F081E}.Release|Any CPU.Build.0 = Release|Any CPU
		{7822B0D1-59C2-4675-B283-5A966ADD712C}.Debug|Any CPU.ActiveCfg = Debug|Any CPU
		{7822B0D1-59C2-4675-B283-5A966ADD712C}.Debug|Any CPU.Build.0 = Debug|Any CPU
		{7822B0D1-59C2-4675-B283-5A966ADD712C}.Release|Any CPU.ActiveCfg = Release|Any CPU
		{7822B0D1-59C2-4675-B283-5A966ADD712C}.Release|Any CPU.Build.0 = Release|Any CPU
		{685E276E-379F-4D89-9BF7-44A9D96BD5A4}.Debug|Any CPU.ActiveCfg = Debug|Any CPU
		{685E276E-379F-4D89-9BF7-44A9D96BD5A4}.Debug|Any CPU.Build.0 = Debug|Any CPU
		{685E276E-379F-4D89-9BF7-44A9D96BD5A4}.Release|Any CPU.ActiveCfg = Release|Any CPU
		{685E276E-379F-4D89-9BF7-44A9D96BD5A4}.Release|Any CPU.Build.0 = Release|Any CPU
	EndGlobalSection
	GlobalSection(SolutionProperties) = preSolution
		HideSolutionNode = FALSE
	EndGlobalSection
	GlobalSection(ExtensibilityGlobals) = postSolution
		SolutionGuid = {BC827DB6-24C7-44AC-BF18-91261B309EAC}
	EndGlobalSection
EndGlobal
